
Microsoft Visual Studio Solution File, Format Version 11.00
# Visual C++ Express 2010
Project("{8BC9CEB8-8B4A-11D0-8D11-00A0C91BC942}") = "Project02", "Project02\Project02.vcxproj", "{4B21739E-0FCC-4687-BCA5-73C24A18EDF2}"
EndProject
Global
	GlobalSection(SolutionConfigurationPlatforms) = preSolution
		Debug|Win32 = Debug|Win32
		Release|Win32 = Release|Win32
	EndGlobalSection
	GlobalSection(ProjectConfigurationPlatforms) = postSolution
		{4B21739E-0FCC-4687-BCA5-73C24A18EDF2}.Debug|Win32.ActiveCfg = Debug|Win32
		{4B21739E-0FCC-4687-BCA5-73C24A18EDF2}.Debug|Win32.Build.0 = Debug|Win32
		{4B21739E-0FCC-4687-BCA5-73C24A18EDF2}.Release|Win32.ActiveCfg = Release|Win32
		{4B21739E-0FCC-4687-BCA5-73C24A18EDF2}.Release|Win32.Build.0 = Release|Win32
	EndGlobalSection
	GlobalSection(SolutionProperties) = preSolution
		HideSolutionNode = FALSE
	EndGlobalSection
EndGlobal
